
Microsoft Visual Studio Solution File, Format Version 12.00
# Visual Studio 2015
Project("{FAE04EC0-301F-11D3-BF4B-00C04F79EFBC}") = "Unity B3.CSharp.Plugins", "Unity B3.CSharp.Plugins.csproj", "{AD9EAB1A-F943-B8E8-3571-8E13E060B6DE}"
EndProject
Project("{FAE04EC0-301F-11D3-BF4B-00C04F79EFBC}") = "Unity B3.CSharp", "Unity B3.CSharp.csproj", "{01C71FF2-A248-FF27-C9CC-25033D00519A}"
EndProject
Project("{FAE04EC0-301F-11D3-BF4B-00C04F79EFBC}") = "Unity B3.CSharp.Editor.Plugins", "Unity B3.CSharp.Editor.Plugins.csproj", "{04AA9BFF-735A-4F7B-E146-68D00ED5E28F}"
EndProject
Global
	GlobalSection(SolutionConfigurationPlatforms) = preSolution
		Debug|Any CPU = Debug|Any CPU
		Release|Any CPU = Release|Any CPU
	EndGlobalSection
	GlobalSection(ProjectConfigurationPlatforms) = postSolution
		{AD9EAB1A-F943-B8E8-3571-8E13E060B6DE}.Debug|Any CPU.ActiveCfg = Debug|Any CPU
		{AD9EAB1A-F943-B8E8-3571-8E13E060B6DE}.Debug|Any CPU.Build.0 = Debug|Any CPU
		{AD9EAB1A-F943-B8E8-3571-8E13E060B6DE}.Release|Any CPU.ActiveCfg = Release|Any CPU
		{AD9EAB1A-F943-B8E8-3571-8E13E060B6DE}.Release|Any CPU.Build.0 = Release|Any CPU
		{01C71FF2-A248-FF27-C9CC-25033D00519A}.Debug|Any CPU.ActiveCfg = Debug|Any CPU
		{01C71FF2-A248-FF27-C9CC-25033D00519A}.Debug|Any CPU.Build.0 = Debug|Any CPU
		{01C71FF2-A248-FF27-C9CC-25033D00519A}.Release|Any CPU.ActiveCfg = Release|Any CPU
		{01C71FF2-A248-FF27-C9CC-25033D00519A}.Release|Any CPU.Build.0 = Release|Any CPU
		{04AA9BFF-735A-4F7B-E146-68D00ED5E28F}.Debug|Any CPU.ActiveCfg = Debug|Any CPU
		{04AA9BFF-735A-4F7B-E146-68D00ED5E28F}.Debug|Any CPU.Build.0 = Debug|Any CPU
		{04AA9BFF-735A-4F7B-E146-68D00ED5E28F}.Release|Any CPU.ActiveCfg = Release|Any CPU
		{04AA9BFF-735A-4F7B-E146-68D00ED5E28F}.Release|Any CPU.Build.0 = Release|Any CPU
	EndGlobalSection
	GlobalSection(SolutionProperties) = preSolution
		HideSolutionNode = FALSE
	EndGlobalSection
EndGlobal
