Microsoft Visual Studio Solution File, Format Version 11.00
# Visual Studio 2008

Project("{1B28B84C-0E7A-3D0B-B8C4-8FC9137C5395}") = "Unity B3", "Assembly-CSharp-firstpass.csproj", "{9F6FA111-7C87-4AE1-32D3-41E926CDAD56}"
EndProject
Project("{1B28B84C-0E7A-3D0B-B8C4-8FC9137C5395}") = "Unity B3", "Assembly-CSharp-Editor-firstpass.csproj", "{5514ED87-C803-8A21-1C72-74F25D73786C}"
EndProject
Global
	GlobalSection(SolutionConfigurationPlatforms) = preSolution
		Debug|Any CPU = Debug|Any CPU
		Release|Any CPU = Release|Any CPU
	EndGlobalSection
	GlobalSection(ProjectConfigurationPlatforms) = postSolution
		{9F6FA111-7C87-4AE1-32D3-41E926CDAD56}.Debug|Any CPU.ActiveCfg = Debug|Any CPU
		{9F6FA111-7C87-4AE1-32D3-41E926CDAD56}.Debug|Any CPU.Build.0 = Debug|Any CPU
		{9F6FA111-7C87-4AE1-32D3-41E926CDAD56}.Release|Any CPU.ActiveCfg = Release|Any CPU
		{9F6FA111-7C87-4AE1-32D3-41E926CDAD56}.Release|Any CPU.Build.0 = Release|Any CPU
		{5514ED87-C803-8A21-1C72-74F25D73786C}.Debug|Any CPU.ActiveCfg = Debug|Any CPU
		{5514ED87-C803-8A21-1C72-74F25D73786C}.Debug|Any CPU.Build.0 = Debug|Any CPU
		{5514ED87-C803-8A21-1C72-74F25D73786C}.Release|Any CPU.ActiveCfg = Release|Any CPU
		{5514ED87-C803-8A21-1C72-74F25D73786C}.Release|Any CPU.Build.0 = Release|Any CPU
	EndGlobalSection
	GlobalSection(SolutionProperties) = preSolution
		HideSolutionNode = FALSE
	EndGlobalSection
	GlobalSection(MonoDevelopProperties) = preSolution
		StartupItem = Assembly-CSharp.csproj
	EndGlobalSection
EndGlobal
